github.com/golang/freetype v0.0.0-20170609003504-e2365dfdc4a0/go.mod h1:E/TSTwGwJL78qG/PmXZO1EjYhfJinVAhrmmHX6Z8B9k=
github.com/sugarme/gotch v0.3.2 h1:hkDt7Occ1oOzN+e8YmAqEwU1xlUmHkuaNAmqQCDTtC0=
github.com/sugarme/gotch v0.3.2/go.mod h1:ydo7fmsmT+2L5p8Am1YhOLSWGN9WV9nyrfk/RSmhTfo=
github.com/sugarme/gotch v0.3.3-0.20201118020708-8770fc378b9e h1:et+1uA8qikHhPVf5CtaSJApZacDwuRkHTjbX+QQHT6M=
github.com/sugarme/gotch v0.3.3-0.20201118020708-8770fc378b9e/go.mod h1:ydo7fmsmT+2L5p8Am1YhOLSWGN9WV9nyrfk/RSmhTfo=
golang.org/x/image v0.0.0-20200927104501-e162460cd6b5/go.mod h1:FeLwcggjj3mMvU+oOTbSwawSJRM1uh48EjtB4UJZlP0=
golang.org/x/text v0.3.0/go.mod h1:NqM8EUOU14njkJ3fqMW+pc6Ldnwhi/IjpwHt7yyuwOQ=
